
Microsoft Visual Studio Solution File, Format Version 12.00
# Visual Studio 2015
Project("{FAE04EC0-301F-11D3-BF4B-00C04F79EFBC}") = "PCG - Landgeneration with Perlin Noise.CSharp", "PCG - Landgeneration with Perlin Noise.CSharp.csproj", "{C79880F5-38D2-B5EE-E9E9-B3CB4210B1AD}"
EndProject
Global
	GlobalSection(SolutionConfigurationPlatforms) = preSolution
		Debug|Any CPU = Debug|Any CPU
		Release|Any CPU = Release|Any CPU
	EndGlobalSection
	GlobalSection(ProjectConfigurationPlatforms) = postSolution
		{C79880F5-38D2-B5EE-E9E9-B3CB4210B1AD}.Debug|Any CPU.ActiveCfg = Debug|Any CPU
		{C79880F5-38D2-B5EE-E9E9-B3CB4210B1AD}.Debug|Any CPU.Build.0 = Debug|Any CPU
		{C79880F5-38D2-B5EE-E9E9-B3CB4210B1AD}.Release|Any CPU.ActiveCfg = Release|Any CPU
		{C79880F5-38D2-B5EE-E9E9-B3CB4210B1AD}.Release|Any CPU.Build.0 = Release|Any CPU
	EndGlobalSection
	GlobalSection(SolutionProperties) = preSolution
		HideSolutionNode = FALSE
	EndGlobalSection
EndGlobal
