
Microsoft Visual Studio Solution File, Format Version 12.00
# Visual Studio 2015
Project("{FAE04EC0-301F-11D3-BF4B-00C04F79EFBC}") = "PCG - Cave.CSharp", "PCG - Cave.CSharp.csproj", "{702DE41F-2D7F-4616-B8FC-00E00E5D923A}"
EndProject
Global
	GlobalSection(SolutionConfigurationPlatforms) = preSolution
		Debug|Any CPU = Debug|Any CPU
		Release|Any CPU = Release|Any CPU
	EndGlobalSection
	GlobalSection(ProjectConfigurationPlatforms) = postSolution
		{702DE41F-2D7F-4616-B8FC-00E00E5D923A}.Debug|Any CPU.ActiveCfg = Debug|Any CPU
		{702DE41F-2D7F-4616-B8FC-00E00E5D923A}.Debug|Any CPU.Build.0 = Debug|Any CPU
		{702DE41F-2D7F-4616-B8FC-00E00E5D923A}.Release|Any CPU.ActiveCfg = Release|Any CPU
		{702DE41F-2D7F-4616-B8FC-00E00E5D923A}.Release|Any CPU.Build.0 = Release|Any CPU
	EndGlobalSection
	GlobalSection(SolutionProperties) = preSolution
		HideSolutionNode = FALSE
	EndGlobalSection
EndGlobal
